<?xml version="1.0" encoding="utf-8"?>
<Project ToolsVersion="4.0" xmlns="http://schemas.microsoft.com/developer/msbuild/2003">
  <ItemGroup>
    <ClCompile Include="src\ofApp.cpp">
      <Filter>src</Filter>
    </ClCompile>
    <ClCompile Include="src\main.cpp">
      <Filter>src</Filter>
    </ClCompile>
    <ClCompile Include="src\Games\BubbleGame\BubblePoppingGame.cpp">
      <Filter>src\Games\BubbleGame</Filter>
    </ClCompile>
    <ClCompile Include="src\Games\BubbleGame\Bubbles\Bubble.cpp">
      <Filter>src\Games\BubbleGame\Bubbles</Filter>
    </ClCompile>
    <ClCompile Include="src\Games\BubbleGame\Bubbles\Palette.cpp">
      <Filter>src\Games\BubbleGame\Bubbles</Filter>
    </ClCompile>
    <ClCompile Include="src\Games\BubbleGame\Painting\Image.cpp">
      <Filter>src\Games\BubbleGame\Painting</Filter>
    </ClCompile>
    <ClCompile Include="src\Games\BubbleGame\Painting\Painter.cpp">
      <Filter>src\Games\BubbleGame\Painting</Filter>
    </ClCompile>
    <ClCompile Include="src\Games\BubbleGame\Skeletal\Skeletal.cpp">
      <Filter>src\Games\BubbleGame\Skeletal</Filter>
    </ClCompile>
    <ClCompile Include="src\main.cpp">
      <Filter>src</Filter>
    </ClCompile>
    <ClCompile Include="src\MainMenu\Button.cpp">
      <Filter>src\MainMenu</Filter>
    </ClCompile>
    <ClCompile Include="src\MainMenu\Menu.cpp">
      <Filter>src\MainMenu</Filter>
    </ClCompile>
    <ClCompile Include="src\ofApp.cpp">
      <Filter>src</Filter>
    </ClCompile>
    <ClCompile Include="..\..\..\..\addons\ofxGui\src\ofxBaseGui.cpp">
      <Filter>addons\ofxGui\src</Filter>
    </ClCompile>
    <ClCompile Include="..\..\..\..\addons\ofxGui\src\ofxButton.cpp">
      <Filter>addons\ofxGui\src</Filter>
    </ClCompile>
    <ClCompile Include="..\..\..\..\addons\ofxGui\src\ofxGuiGroup.cpp">
      <Filter>addons\ofxGui\src</Filter>
    </ClCompile>
    <ClCompile Include="..\..\..\..\addons\ofxGui\src\ofxLabel.cpp">
      <Filter>addons\ofxGui\src</Filter>
    </ClCompile>
    <ClCompile Include="..\..\..\..\addons\ofxGui\src\ofxPanel.cpp">
      <Filter>addons\ofxGui\src</Filter>
    </ClCompile>
    <ClCompile Include="..\..\..\..\addons\ofxGui\src\ofxSlider.cpp">
      <Filter>addons\ofxGui\src</Filter>
    </ClCompile>
    <ClCompile Include="..\..\..\..\addons\ofxGui\src\ofxSliderGroup.cpp">
      <Filter>addons\ofxGui\src</Filter>
    </ClCompile>
    <ClCompile Include="..\..\..\..\addons\ofxGui\src\ofxToggle.cpp">
      <Filter>addons\ofxGui\src</Filter>
    </ClCompile>
  </ItemGroup>
  <ItemGroup>
    <Filter Include="src">
      <UniqueIdentifier>{d8376475-7454-4a24-b08a-aac121d3ad6f}</UniqueIdentifier>
    </Filter>
    <Filter Include="src\Games">
      <UniqueIdentifier>{47C17FFC-FD27-0109-B674-2052}</UniqueIdentifier>
    </Filter>
    <Filter Include="src\Games\BubbleGame">
      <UniqueIdentifier>{26BA2884-3EAA-51BB-3AA0-938B}</UniqueIdentifier>
    </Filter>
    <Filter Include="src\Games\BubbleGame\Bubbles">
      <UniqueIdentifier>{448A4E04-1277-B7D4-DAA7-45AC}</UniqueIdentifier>
    </Filter>
    <Filter Include="src\Games\BubbleGame\Painting">
      <UniqueIdentifier>{4E9343EC-9CBD-BBE9-9F77-6DBB}</UniqueIdentifier>
    </Filter>
    <Filter Include="src\Games\BubbleGame\Resources">
      <UniqueIdentifier>{96150528-CC6E-4226-C7C8-EFB3}</UniqueIdentifier>
    </Filter>
    <Filter Include="src\Games\BubbleGame\Resources\Fonts">
      <UniqueIdentifier>{48916061-EE21-B83E-FD59-AB45}</UniqueIdentifier>
    </Filter>
    <Filter Include="src\Games\BubbleGame\Skeletal">
      <UniqueIdentifier>{DF9A51B5-757A-E154-C191-A0B3}</UniqueIdentifier>
    </Filter>
    <Filter Include="src\MainMenu">
      <UniqueIdentifier>{4E6CEFB3-E947-6CBE-3846-E978}</UniqueIdentifier>
    </Filter>
    <Filter Include="addons">
      <UniqueIdentifier>{71834F65-F3A9-211E-73B8-DC85}</UniqueIdentifier>
    </Filter>
    <Filter Include="addons\ofxGui">
      <UniqueIdentifier>{4F2A59AF-5F4E-704B-D067-EC13}</UniqueIdentifier>
    </Filter>
    <Filter Include="addons\ofxGui\src">
      <UniqueIdentifier>{645E9533-4DCD-6179-1CDF-CB65}</UniqueIdentifier>
    </Filter>
  </ItemGroup>
  <ItemGroup>
    <ClInclude Include="src\ofApp.h">
      <Filter>src</Filter>
    </ClInclude>
    <ClInclude Include="src\Games\BubbleGame\BubblePoppingGame.h">
      <Filter>src\Games\BubbleGame</Filter>
    </ClInclude>
    <ClInclude Include="src\Games\BubbleGame\Bubbles\Bubble.h">
      <Filter>src\Games\BubbleGame\Bubbles</Filter>
    </ClInclude>
    <ClInclude Include="src\Games\BubbleGame\Bubbles\Palette.h">
      <Filter>src\Games\BubbleGame\Bubbles</Filter>
    </ClInclude>
    <ClInclude Include="src\Games\BubbleGame\Painting\Image.h">
      <Filter>src\Games\BubbleGame\Painting</Filter>
    </ClInclude>
    <ClInclude Include="src\Games\BubbleGame\Painting\Painter.h">
      <Filter>src\Games\BubbleGame\Painting</Filter>
    </ClInclude>
    <ClInclude Include="src\Games\BubbleGame\Skeletal\Skeletal.h">
      <Filter>src\Games\BubbleGame\Skeletal</Filter>
    </ClInclude>
    <ClInclude Include="src\MainMenu\Button.h">
      <Filter>src\MainMenu</Filter>
    </ClInclude>
    <ClInclude Include="src\MainMenu\Menu.h">
      <Filter>src\MainMenu</Filter>
    </ClInclude>
    <ClInclude Include="src\ofApp.h">
      <Filter>src</Filter>
    </ClInclude>
    <ClInclude Include="..\..\..\..\addons\ofxGui\src\ofxBaseGui.h">
      <Filter>addons\ofxGui\src</Filter>
    </ClInclude>
    <ClInclude Include="..\..\..\..\addons\ofxGui\src\ofxButton.h">
      <Filter>addons\ofxGui\src</Filter>
    </ClInclude>
    <ClInclude Include="..\..\..\..\addons\ofxGui\src\ofxGui.h">
      <Filter>addons\ofxGui\src</Filter>
    </ClInclude>
    <ClInclude Include="..\..\..\..\addons\ofxGui\src\ofxGuiGroup.h">
      <Filter>addons\ofxGui\src</Filter>
    </ClInclude>
    <ClInclude Include="..\..\..\..\addons\ofxGui\src\ofxLabel.h">
      <Filter>addons\ofxGui\src</Filter>
    </ClInclude>
    <ClInclude Include="..\..\..\..\addons\ofxGui\src\ofxPanel.h">
      <Filter>addons\ofxGui\src</Filter>
    </ClInclude>
    <ClInclude Include="..\..\..\..\addons\ofxGui\src\ofxSlider.h">
      <Filter>addons\ofxGui\src</Filter>
    </ClInclude>
    <ClInclude Include="..\..\..\..\addons\ofxGui\src\ofxSliderGroup.h">
      <Filter>addons\ofxGui\src</Filter>
    </ClInclude>
    <ClInclude Include="..\..\..\..\addons\ofxGui\src\ofxToggle.h">
      <Filter>addons\ofxGui\src</Filter>
    </ClInclude>
  </ItemGroup>
  <ItemGroup>
    <ResourceCompile Include="icon.rc" />
  </ItemGroup>
  <ItemGroup>
    <Media Include="src\Games\BubbleGame\Resources\pop_sound.mp3">
      <Filter>src\Games\BubbleGame\Resources</Filter>
    </Media>
  </ItemGroup>
  <ItemGroup>
    <Font Include="src\Games\BubbleGame\Resources\Fonts\AYearWithoutRain.ttf">
      <Filter>src\Games\BubbleGame\Resources\Fonts</Filter>
    </Font>
  </ItemGroup>
</Project>